
Microsoft Visual Studio Solution File, Format Version 12.00
# Visual Studio Version 16
VisualStudioVersion = 16.0.28803.202
MinimumVisualStudioVersion = 10.0.40219.1
Project("{9A19103F-16F7-4668-BE54-9A1E7A4F7556}") = "IPZProj", "IPZProj\IPZProj.csproj", "{B226C9FA-C2AF-48C7-A8AB-2CF7A25C573E}"
EndProject
Project("{9A19103F-16F7-4668-BE54-9A1E7A4F7556}") = "Entities", "Entities\Entities.csproj", "{5C732660-CCCB-4AE8-B901-B73CCE720BA2}"
EndProject
Project("{FAE04EC0-301F-11D3-BF4B-00C04F79EFBC}") = "DAL", "DAL\DAL.csproj", "{CBC8D35A-C79F-4388-926D-E518A79B8FF1}"
EndProject
Global
	GlobalSection(SolutionConfigurationPlatforms) = preSolution
		Debug|Any CPU = Debug|Any CPU
		Release|Any CPU = Release|Any CPU
	EndGlobalSection
	GlobalSection(ProjectConfigurationPlatforms) = postSolution
		{B226C9FA-C2AF-48C7-A8AB-2CF7A25C573E}.Debug|Any CPU.ActiveCfg = Debug|Any CPU
		{B226C9FA-C2AF-48C7-A8AB-2CF7A25C573E}.Debug|Any CPU.Build.0 = Debug|Any CPU
		{B226C9FA-C2AF-48C7-A8AB-2CF7A25C573E}.Release|Any CPU.ActiveCfg = Release|Any CPU
		{B226C9FA-C2AF-48C7-A8AB-2CF7A25C573E}.Release|Any CPU.Build.0 = Release|Any CPU
		{5C732660-CCCB-4AE8-B901-B73CCE720BA2}.Debug|Any CPU.ActiveCfg = Debug|Any CPU
		{5C732660-CCCB-4AE8-B901-B73CCE720BA2}.Debug|Any CPU.Build.0 = Debug|Any CPU
		{5C732660-CCCB-4AE8-B901-B73CCE720BA2}.Release|Any CPU.ActiveCfg = Release|Any CPU
		{5C732660-CCCB-4AE8-B901-B73CCE720BA2}.Release|Any CPU.Build.0 = Release|Any CPU
		{CBC8D35A-C79F-4388-926D-E518A79B8FF1}.Debug|Any CPU.ActiveCfg = Debug|Any CPU
		{CBC8D35A-C79F-4388-926D-E518A79B8FF1}.Debug|Any CPU.Build.0 = Debug|Any CPU
		{CBC8D35A-C79F-4388-926D-E518A79B8FF1}.Release|Any CPU.ActiveCfg = Release|Any CPU
		{CBC8D35A-C79F-4388-926D-E518A79B8FF1}.Release|Any CPU.Build.0 = Release|Any CPU
	EndGlobalSection
	GlobalSection(SolutionProperties) = preSolution
		HideSolutionNode = FALSE
	EndGlobalSection
	GlobalSection(ExtensibilityGlobals) = postSolution
		SolutionGuid = {5D204CC1-25D1-4250-B676-516BA04FA5D0}
	EndGlobalSection
EndGlobal
